{
  "object": {
    "pins": [
      {
        "package": "Commandant",
        "repositoryURL": "https://github.com/Carthage/Commandant.git",
        "state": {
          "branch": null,
          "revision": "ab68611013dec67413628ac87c1f29e8427bc8e4",
          "version": "0.17.0"
        }
      },
      {
        "package": "SWXMLHash",
        "repositoryURL": "https://github.com/drmohundro/SWXMLHash.git",
        "state": {
          "branch": null,
          "revision": "a4931e5c3bafbedeb1601d3bb76bbe835c6d475a",
          "version": "5.0.1"
        }
      },
      {
        "package": "Yams",
        "repositoryURL": "https://github.com/asuhan/Yams.git",
        "state": {
          "branch": "3.0.1-patched",
          "revision": "8e986eb32365aec111fe6905719fadb61543ece1",
          "version": null
        }
      }
    ]
  },
  "version": 1
}
